
Microsoft Visual Studio Solution File, Format Version 12.00
# Visual Studio 14
VisualStudioVersion = 14.0.25420.1
MinimumVisualStudioVersion = 10.0.40219.1
Project("{2150E333-8FDC-42A3-9474-1A3956D46DE8}") = "Dependencies", "Dependencies", "{83CD0270-348F-4744-95F7-65393483400A}"
EndProject
Project("{FAE04EC0-301F-11D3-BF4B-00C04F79EFBC}") = "XmlExplorer", "XmlExplorerWpf\XmlExplorer.csproj", "{7D844433-183A-4B6C-AEB4-3D84E08B34B1}"
EndProject
Project("{FAE04EC0-301F-11D3-BF4B-00C04F79EFBC}") = "XmlExplorerSite", "XmlExplorerSite\XmlExplorerSite.csproj", "{2BDA2623-0D0B-4C30-BEEB-BDD43C7800B3}"
EndProject
Project("{FAE04EC0-301F-11D3-BF4B-00C04F79EFBC}") = "WpfControls", "WpfControls\WpfControls.csproj", "{FEAB899A-1F60-4D10-8848-FAE5CB5F4429}"
EndProject
Project("{FAE04EC0-301F-11D3-BF4B-00C04F79EFBC}") = "AvalonDock", "AvalonDock\AvalonDock.csproj", "{2FF700C2-A38A-48BD-A637-8CAFD4FE6237}"
EndProject
Global
	GlobalSection(SolutionConfigurationPlatforms) = preSolution
		Debug|Any CPU = Debug|Any CPU
		Release|Any CPU = Release|Any CPU
	EndGlobalSection
	GlobalSection(ProjectConfigurationPlatforms) = postSolution
		{7D844433-183A-4B6C-AEB4-3D84E08B34B1}.Debug|Any CPU.ActiveCfg = Debug|Any CPU
		{7D844433-183A-4B6C-AEB4-3D84E08B34B1}.Debug|Any CPU.Build.0 = Debug|Any CPU
		{7D844433-183A-4B6C-AEB4-3D84E08B34B1}.Release|Any CPU.ActiveCfg = Release|Any CPU
		{7D844433-183A-4B6C-AEB4-3D84E08B34B1}.Release|Any CPU.Build.0 = Release|Any CPU
		{2BDA2623-0D0B-4C30-BEEB-BDD43C7800B3}.Debug|Any CPU.ActiveCfg = Debug|Any CPU
		{2BDA2623-0D0B-4C30-BEEB-BDD43C7800B3}.Release|Any CPU.ActiveCfg = Release|Any CPU
		{2BDA2623-0D0B-4C30-BEEB-BDD43C7800B3}.Release|Any CPU.Build.0 = Release|Any CPU
		{FEAB899A-1F60-4D10-8848-FAE5CB5F4429}.Debug|Any CPU.ActiveCfg = Debug|Any CPU
		{FEAB899A-1F60-4D10-8848-FAE5CB5F4429}.Debug|Any CPU.Build.0 = Debug|Any CPU
		{FEAB899A-1F60-4D10-8848-FAE5CB5F4429}.Release|Any CPU.ActiveCfg = Release|Any CPU
		{FEAB899A-1F60-4D10-8848-FAE5CB5F4429}.Release|Any CPU.Build.0 = Release|Any CPU
		{2FF700C2-A38A-48BD-A637-8CAFD4FE6237}.Debug|Any CPU.ActiveCfg = Debug|Any CPU
		{2FF700C2-A38A-48BD-A637-8CAFD4FE6237}.Debug|Any CPU.Build.0 = Debug|Any CPU
		{2FF700C2-A38A-48BD-A637-8CAFD4FE6237}.Release|Any CPU.ActiveCfg = Release|Any CPU
		{2FF700C2-A38A-48BD-A637-8CAFD4FE6237}.Release|Any CPU.Build.0 = Release|Any CPU
	EndGlobalSection
	GlobalSection(SolutionProperties) = preSolution
		HideSolutionNode = FALSE
	EndGlobalSection
EndGlobal
